
Microsoft Visual Studio Solution File, Format Version 12.00
# Visual Studio Version 17
VisualStudioVersion = 17.13.35931.197 d17.13
MinimumVisualStudioVersion = 10.0.40219.1
Project("{FAE04EC0-301F-11D3-BF4B-00C04F79EFBC}") = "Hien_mau", "Hien_mau.csproj", "{6332DA78-344E-446C-A849-7BC06857552D}"
EndProject
Global
	GlobalSection(SolutionConfigurationPlatforms) = preSolution
		Debug|Any CPU = Debug|Any CPU
		Release|Any CPU = Release|Any CPU
	EndGlobalSection
	GlobalSection(ProjectConfigurationPlatforms) = postSolution
		{6332DA78-344E-446C-A849-7BC06857552D}.Debug|Any CPU.ActiveCfg = Debug|Any CPU
		{6332DA78-344E-446C-A849-7BC06857552D}.Debug|Any CPU.Build.0 = Debug|Any CPU
		{6332DA78-344E-446C-A849-7BC06857552D}.Release|Any CPU.ActiveCfg = Release|Any CPU
		{6332DA78-344E-446C-A849-7BC06857552D}.Release|Any CPU.Build.0 = Release|Any CPU
	EndGlobalSection
	GlobalSection(SolutionProperties) = preSolution
		HideSolutionNode = FALSE
	EndGlobalSection
	GlobalSection(ExtensibilityGlobals) = postSolution
		SolutionGuid = {478D618B-E93E-4695-BFC9-A3D43E08C92C}
	EndGlobalSection
EndGlobal
